
Microsoft Visual Studio Solution File, Format Version 12.00
# Visual Studio 15
VisualStudioVersion = 15.0.27130.2027
MinimumVisualStudioVersion = 10.0.40219.1
Project("{FAE04EC0-301F-11D3-BF4B-00C04F79EFBC}") = "FinalProject", "FinalProject\FinalProject.csproj", "{6D1449CA-C0A6-4EBD-A993-8FFF00314AFD}"
EndProject
Global
	GlobalSection(SolutionConfigurationPlatforms) = preSolution
		Debug|Any CPU = Debug|Any CPU
		Release|Any CPU = Release|Any CPU
	EndGlobalSection
	GlobalSection(ProjectConfigurationPlatforms) = postSolution
		{6D1449CA-C0A6-4EBD-A993-8FFF00314AFD}.Debug|Any CPU.ActiveCfg = Debug|Any CPU
		{6D1449CA-C0A6-4EBD-A993-8FFF00314AFD}.Debug|Any CPU.Build.0 = Debug|Any CPU
		{6D1449CA-C0A6-4EBD-A993-8FFF00314AFD}.Release|Any CPU.ActiveCfg = Release|Any CPU
		{6D1449CA-C0A6-4EBD-A993-8FFF00314AFD}.Release|Any CPU.Build.0 = Release|Any CPU
	EndGlobalSection
	GlobalSection(SolutionProperties) = preSolution
		HideSolutionNode = FALSE
	EndGlobalSection
	GlobalSection(ExtensibilityGlobals) = postSolution
		SolutionGuid = {59293CA0-2D55-40F1-8D42-3E07B0500FE1}
	EndGlobalSection
EndGlobal
